// !$*UTF8*$!
{
	archiveVersion = 1;
	classes = {
	};
	objectVersion = 46;
	objects = {

/* Begin PBXBuildFile section */
		0D05CF8018CB67C500DDF779 /* Foundation.framework in Frameworks */ = {isa = PBXBuildFile; fileRef = 0D05CF7F18CB67C500DDF779 /* Foundation.framework */; };
		0D05CF8218CB67C500DDF779 /* CoreGraphics.framework in Frameworks */ = {isa = PBXBuildFile; fileRef = 0D05CF8118CB67C500DDF779 /* CoreGraphics.framework */; };
		0D05CF8418CB67C500DDF779 /* UIKit.framework in Frameworks */ = {isa = PBXBuildFile; fileRef = 0D05CF8318CB67C500DDF779 /* UIKit.framework */; };
		0D05CF8A18CB67C500DDF779 /* InfoPlist.strings in Resources */ = {isa = PBXBuildFile; fileRef = 0D05CF8818CB67C500DDF779 /* InfoPlist.strings */; };
		0D05CF8C18CB67C500DDF779 /* main.m in Sources */ = {isa = PBXBuildFile; fileRef = 0D05CF8B18CB67C500DDF779 /* main.m */; };
		0D05CF9018CB67C500DDF779 /* MapTableAppDelegate.m in Sources */ = {isa = PBXBuildFile; fileRef = 0D05CF8F18CB67C500DDF779 /* MapTableAppDelegate.m */; };
		0D05CF9318CB67C500DDF779 /* Main.storyboard in Resources */ = {isa = PBXBuildFile; fileRef = 0D05CF9118CB67C500DDF779 /* Main.storyboard */; };
		0D05CF9618CB67C500DDF779 /* MapTableViewController.m in Sources */ = {isa = PBXBuildFile; fileRef = 0D05CF9518CB67C500DDF779 /* MapTableViewController.m */; };
		0D05CF9818CB67C500DDF779 /* Images.xcassets in Resources */ = {isa = PBXBuildFile; fileRef = 0D05CF9718CB67C500DDF779 /* Images.xcassets */; };
		0D05CF9F18CB67C600DDF779 /* XCTest.framework in Frameworks */ = {isa = PBXBuildFile; fileRef = 0D05CF9E18CB67C600DDF779 /* XCTest.framework */; };
		0D05CFA018CB67C600DDF779 /* Foundation.framework in Frameworks */ = {isa = PBXBuildFile; fileRef = 0D05CF7F18CB67C500DDF779 /* Foundation.framework */; };
		0D05CFA118CB67C600DDF779 /* UIKit.framework in Frameworks */ = {isa = PBXBuildFile; fileRef = 0D05CF8318CB67C500DDF779 /* UIKit.framework */; };
		0D05CFA918CB67C600DDF779 /* InfoPlist.strings in Resources */ = {isa = PBXBuildFile; fileRef = 0D05CFA718CB67C600DDF779 /* InfoPlist.strings */; };
		0D05CFAB18CB67C600DDF779 /* MapTableTests.m in Sources */ = {isa = PBXBuildFile; fileRef = 0D05CFAA18CB67C600DDF779 /* MapTableTests.m */; };
		0D05CFB618CB680400DDF779 /* MapTablePlace.m in Sources */ = {isa = PBXBuildFile; fileRef = 0D05CFB518CB680400DDF779 /* MapTablePlace.m */; };
		0D05CFB818CB764700DDF779 /* Places.plist in Resources */ = {isa = PBXBuildFile; fileRef = 0D05CFB718CB764700DDF779 /* Places.plist */; };
		0D05CFBB18CB992E00DDF779 /* MapTableMapViewController.m in Sources */ = {isa = PBXBuildFile; fileRef = 0D05CFBA18CB992E00DDF779 /* MapTableMapViewController.m */; };
		0D05CFBD18CB9A6700DDF779 /* MapKit.framework in Frameworks */ = {isa = PBXBuildFile; fileRef = 0D05CFBC18CB9A6700DDF779 /* MapKit.framework */; };
		0D05CFBF18CBA7F900DDF779 /* CoreLocation.framework in Frameworks */ = {isa = PBXBuildFile; fileRef = 0D05CFBE18CBA7F900DDF779 /* CoreLocation.framework */; };
/* End PBXBuildFile section */

/* Begin PBXContainerItemProxy section */
		0D05CFA218CB67C600DDF779 /* PBXContainerItemProxy */ = {
			isa = PBXContainerItemProxy;
			containerPortal = 0D05CF7418CB67C400DDF779 /* Project object */;
			proxyType = 1;
			remoteGlobalIDString = 0D05CF7B18CB67C400DDF779;
			remoteInfo = MapTable;
		};
/* End PBXContainerItemProxy section */

/* Begin PBXFileReference section */
		0D05CF7C18CB67C500DDF779 /* MapTable.app */ = {isa = PBXFileReference; explicitFileType = wrapper.application; includeInIndex = 0; path = MapTable.app; sourceTree = BUILT_PRODUCTS_DIR; };
		0D05CF7F18CB67C500DDF779 /* Foundation.framework */ = {isa = PBXFileReference; lastKnownFileType = wrapper.framework; name = Foundation.framework; path = System/Library/Frameworks/Foundation.framework; sourceTree = SDKROOT; };
		0D05CF8118CB67C500DDF779 /* CoreGraphics.framework */ = {isa = PBXFileReference; lastKnownFileType = wrapper.framework; name = CoreGraphics.framework; path = System/Library/Frameworks/CoreGraphics.framework; sourceTree = SDKROOT; };
		0D05CF8318CB67C500DDF779 /* UIKit.framework */ = {isa = PBXFileReference; lastKnownFileType = wrapper.framework; name = UIKit.framework; path = System/Library/Frameworks/UIKit.framework; sourceTree = SDKROOT; };
		0D05CF8718CB67C500DDF779 /* MapTable-Info.plist */ = {isa = PBXFileReference; lastKnownFileType = text.plist.xml; path = "MapTable-Info.plist"; sourceTree = "<group>"; };
		0D05CF8918CB67C500DDF779 /* en */ = {isa = PBXFileReference; lastKnownFileType = text.plist.strings; name = en; path = en.lproj/InfoPlist.strings; sourceTree = "<group>"; };
		0D05CF8B18CB67C500DDF779 /* main.m */ = {isa = PBXFileReference; lastKnownFileType = sourcecode.c.objc; path = main.m; sourceTree = "<group>"; };
		0D05CF8D18CB67C500DDF779 /* MapTable-Prefix.pch */ = {isa = PBXFileReference; lastKnownFileType = sourcecode.c.h; path = "MapTable-Prefix.pch"; sourceTree = "<group>"; };
		0D05CF8E18CB67C500DDF779 /* MapTableAppDelegate.h */ = {isa = PBXFileReference; lastKnownFileType = sourcecode.c.h; path = MapTableAppDelegate.h; sourceTree = "<group>"; };
		0D05CF8F18CB67C500DDF779 /* MapTableAppDelegate.m */ = {isa = PBXFileReference; lastKnownFileType = sourcecode.c.objc; path = MapTableAppDelegate.m; sourceTree = "<group>"; };
		0D05CF9218CB67C500DDF779 /* Base */ = {isa = PBXFileReference; lastKnownFileType = file.storyboard; name = Base; path = Base.lproj/Main.storyboard; sourceTree = "<group>"; };
		0D05CF9418CB67C500DDF779 /* MapTableViewController.h */ = {isa = PBXFileReference; lastKnownFileType = sourcecode.c.h; path = MapTableViewController.h; sourceTree = "<group>"; };
		0D05CF9518CB67C500DDF779 /* MapTableViewController.m */ = {isa = PBXFileReference; lastKnownFileType = sourcecode.c.objc; path = MapTableViewController.m; sourceTree = "<group>"; };
		0D05CF9718CB67C500DDF779 /* Images.xcassets */ = {isa = PBXFileReference; lastKnownFileType = folder.assetcatalog; path = Images.xcassets; sourceTree = "<group>"; };
		0D05CF9D18CB67C600DDF779 /* MapTableTests.xctest */ = {isa = PBXFileReference; explicitFileType = wrapper.cfbundle; includeInIndex = 0; path = MapTableTests.xctest; sourceTree = BUILT_PRODUCTS_DIR; };
		0D05CF9E18CB67C600DDF779 /* XCTest.framework */ = {isa = PBXFileReference; lastKnownFileType = wrapper.framework; name = XCTest.framework; path = Library/Frameworks/XCTest.framework; sourceTree = DEVELOPER_DIR; };
		0D05CFA618CB67C600DDF779 /* MapTableTests-Info.plist */ = {isa = PBXFileReference; lastKnownFileType = text.plist.xml; path = "MapTableTests-Info.plist"; sourceTree = "<group>"; };
		0D05CFA818CB67C600DDF779 /* en */ = {isa = PBXFileReference; lastKnownFileType = text.plist.strings; name = en; path = en.lproj/InfoPlist.strings; sourceTree = "<group>"; };
		0D05CFAA18CB67C600DDF779 /* MapTableTests.m */ = {isa = PBXFileReference; lastKnownFileType = sourcecode.c.objc; path = MapTableTests.m; sourceTree = "<group>"; };
		0D05CFB418CB680400DDF779 /* MapTablePlace.h */ = {isa = PBXFileReference; fileEncoding = 4; lastKnownFileType = sourcecode.c.h; path = MapTablePlace.h; sourceTree = "<group>"; };
		0D05CFB518CB680400DDF779 /* MapTablePlace.m */ = {isa = PBXFileReference; fileEncoding = 4; lastKnownFileType = sourcecode.c.objc; path = MapTablePlace.m; sourceTree = "<group>"; };
		0D05CFB718CB764700DDF779 /* Places.plist */ = {isa = PBXFileReference; fileEncoding = 4; lastKnownFileType = text.plist.xml; path = Places.plist; sourceTree = "<group>"; };
		0D05CFB918CB992E00DDF779 /* MapTableMapViewController.h */ = {isa = PBXFileReference; fileEncoding = 4; lastKnownFileType = sourcecode.c.h; path = MapTableMapViewController.h; sourceTree = "<group>"; };
		0D05CFBA18CB992E00DDF779 /* MapTableMapViewController.m */ = {isa = PBXFileReference; fileEncoding = 4; lastKnownFileType = sourcecode.c.objc; path = MapTableMapViewController.m; sourceTree = "<group>"; };
		0D05CFBC18CB9A6700DDF779 /* MapKit.framework */ = {isa = PBXFileReference; lastKnownFileType = wrapper.framework; name = MapKit.framework; path = System/Library/Frameworks/MapKit.framework; sourceTree = SDKROOT; };
		0D05CFBE18CBA7F900DDF779 /* CoreLocation.framework */ = {isa = PBXFileReference; lastKnownFileType = wrapper.framework; name = CoreLocation.framework; path = System/Library/Frameworks/CoreLocation.framework; sourceTree = SDKROOT; };
/* End PBXFileReference section */

/* Begin PBXFrameworksBuildPhase section */
		0D05CF7918CB67C400DDF779 /* Frameworks */ = {
			isa = PBXFrameworksBuildPhase;
			buildActionMask = 2147483647;
			files = (
				0D05CFBF18CBA7F900DDF779 /* CoreLocation.framework in Frameworks */,
				0D05CFBD18CB9A6700DDF779 /* MapKit.framework in Frameworks */,
				0D05CF8218CB67C500DDF779 /* CoreGraphics.framework in Frameworks */,
				0D05CF8418CB67C500DDF779 /* UIKit.framework in Frameworks */,
				0D05CF8018CB67C500DDF779 /* Foundation.framework in Frameworks */,
			);
			runOnlyForDeploymentPostprocessing = 0;
		};
		0D05CF9A18CB67C600DDF779 /* Frameworks */ = {
			isa = PBXFrameworksBuildPhase;
			buildActionMask = 2147483647;
			files = (
				0D05CF9F18CB67C600DDF779 /* XCTest.framework in Frameworks */,
				0D05CFA118CB67C600DDF779 /* UIKit.framework in Frameworks */,
				0D05CFA018CB67C600DDF779 /* Foundation.framework in Frameworks */,
			);
			runOnlyForDeploymentPostprocessing = 0;
		};
/* End PBXFrameworksBuildPhase section */

/* Begin PBXGroup section */
		0D05CF7318CB67C400DDF779 = {
			isa = PBXGroup;
			children = (
				0D05CF8518CB67C500DDF779 /* MapTable */,
				0D05CFA418CB67C600DDF779 /* MapTableTests */,
				0D05CF7E18CB67C500DDF779 /* Frameworks */,
				0D05CF7D18CB67C500DDF779 /* Products */,
			);
			sourceTree = "<group>";
		};
		0D05CF7D18CB67C500DDF779 /* Products */ = {
			isa = PBXGroup;
			children = (
				0D05CF7C18CB67C500DDF779 /* MapTable.app */,
				0D05CF9D18CB67C600DDF779 /* MapTableTests.xctest */,
			);
			name = Products;
			sourceTree = "<group>";
		};
		0D05CF7E18CB67C500DDF779 /* Frameworks */ = {
			isa = PBXGroup;
			children = (
				0D05CFBE18CBA7F900DDF779 /* CoreLocation.framework */,
				0D05CFBC18CB9A6700DDF779 /* MapKit.framework */,
				0D05CF7F18CB67C500DDF779 /* Foundation.framework */,
				0D05CF8118CB67C500DDF779 /* CoreGraphics.framework */,
				0D05CF8318CB67C500DDF779 /* UIKit.framework */,
				0D05CF9E18CB67C600DDF779 /* XCTest.framework */,
			);
			name = Frameworks;
			sourceTree = "<group>";
		};
		0D05CF8518CB67C500DDF779 /* MapTable */ = {
			isa = PBXGroup;
			children = (
				0D05CF8E18CB67C500DDF779 /* MapTableAppDelegate.h */,
				0D05CF8F18CB67C500DDF779 /* MapTableAppDelegate.m */,
				0D05CF9118CB67C500DDF779 /* Main.storyboard */,
				0D05CF9418CB67C500DDF779 /* MapTableViewController.h */,
				0D05CF9518CB67C500DDF779 /* MapTableViewController.m */,
				0D05CF9718CB67C500DDF779 /* Images.xcassets */,
				0D05CF8618CB67C500DDF779 /* Supporting Files */,
				0D05CFB418CB680400DDF779 /* MapTablePlace.h */,
				0D05CFB518CB680400DDF779 /* MapTablePlace.m */,
				0D05CFB718CB764700DDF779 /* Places.plist */,
				0D05CFB918CB992E00DDF779 /* MapTableMapViewController.h */,
				0D05CFBA18CB992E00DDF779 /* MapTableMapViewController.m */,
			);
			path = MapTable;
			sourceTree = "<group>";
		};
		0D05CF8618CB67C500DDF779 /* Supporting Files */ = {
			isa = PBXGroup;
			children = (
				0D05CF8718CB67C500DDF779 /* MapTable-Info.plist */,
				0D05CF8818CB67C500DDF779 /* InfoPlist.strings */,
				0D05CF8B18CB67C500DDF779 /* main.m */,
				0D05CF8D18CB67C500DDF779 /* MapTable-Prefix.pch */,
			);
			name = "Supporting Files";
			sourceTree = "<group>";
		};
		0D05CFA418CB67C600DDF779 /* MapTableTests */ = {
			isa = PBXGroup;
			children = (
				0D05CFAA18CB67C600DDF779 /* MapTableTests.m */,
				0D05CFA518CB67C600DDF779 /* Supporting Files */,
			);
			path = MapTableTests;
			sourceTree = "<group>";
		};
		0D05CFA518CB67C600DDF779 /* Supporting Files */ = {
			isa = PBXGroup;
			children = (
				0D05CFA618CB67C600DDF779 /* MapTableTests-Info.plist */,
				0D05CFA718CB67C600DDF779 /* InfoPlist.strings */,
			);
			name = "Supporting Files";
			sourceTree = "<group>";
		};
/* End PBXGroup section */

/* Begin PBXNativeTarget section */
		0D05CF7B18CB67C400DDF779 /* MapTable */ = {
			isa = PBXNativeTarget;
			buildConfigurationList = 0D05CFAE18CB67C600DDF779 /* Build configuration list for PBXNativeTarget "MapTable" */;
			buildPhases = (
				0D05CF7818CB67C400DDF779 /* Sources */,
				0D05CF7918CB67C400DDF779 /* Frameworks */,
				0D05CF7A18CB67C400DDF779 /* Resources */,
			);
			buildRules = (
			);
			dependencies = (
			);
			name = MapTable;
			productName = MapTable;
			productReference = 0D05CF7C18CB67C500DDF779 /* MapTable.app */;
			productType = "com.apple.product-type.application";
		};
		0D05CF9C18CB67C600DDF779 /* MapTableTests */ = {
			isa = PBXNativeTarget;
			buildConfigurationList = 0D05CFB118CB67C600DDF779 /* Build configuration list for PBXNativeTarget "MapTableTests" */;
			buildPhases = (
				0D05CF9918CB67C600DDF779 /* Sources */,
				0D05CF9A18CB67C600DDF779 /* Frameworks */,
				0D05CF9B18CB67C600DDF779 /* Resources */,
			);
			buildRules = (
			);
			dependencies = (
				0D05CFA318CB67C600DDF779 /* PBXTargetDependency */,
			);
			name = MapTableTests;
			productName = MapTableTests;
			productReference = 0D05CF9D18CB67C600DDF779 /* MapTableTests.xctest */;
			productType = "com.apple.product-type.bundle.unit-test";
		};
/* End PBXNativeTarget section */

/* Begin PBXProject section */
		0D05CF7418CB67C400DDF779 /* Project object */ = {
			isa = PBXProject;
			attributes = {
				CLASSPREFIX = MapTable;
				LastUpgradeCheck = 0500;
				ORGANIZATIONNAME = "Online Studio Productions LLC";
				TargetAttributes = {
					0D05CF9C18CB67C600DDF779 = {
						TestTargetID = 0D05CF7B18CB67C400DDF779;
					};
				};
			};
			buildConfigurationList = 0D05CF7718CB67C400DDF779 /* Build configuration list for PBXProject "MapTable" */;
			compatibilityVersion = "Xcode 3.2";
			developmentRegion = English;
			hasScannedForEncodings = 0;
			knownRegions = (
				en,
				Base,
			);
			mainGroup = 0D05CF7318CB67C400DDF779;
			productRefGroup = 0D05CF7D18CB67C500DDF779 /* Products */;
			projectDirPath = "";
			projectRoot = "";
			targets = (
				0D05CF7B18CB67C400DDF779 /* MapTable */,
				0D05CF9C18CB67C600DDF779 /* MapTableTests */,
			);
		};
/* End PBXProject section */

/* Begin PBXResourcesBuildPhase section */
		0D05CF7A18CB67C400DDF779 /* Resources */ = {
			isa = PBXResourcesBuildPhase;
			buildActionMask = 2147483647;
			files = (
				0D05CF9818CB67C500DDF779 /* Images.xcassets in Resources */,
				0D05CF8A18CB67C500DDF779 /* InfoPlist.strings in Resources */,
				0D05CFB818CB764700DDF779 /* Places.plist in Resources */,
				0D05CF9318CB67C500DDF779 /* Main.storyboard in Resources */,
			);
			runOnlyForDeploymentPostprocessing = 0;
		};
		0D05CF9B18CB67C600DDF779 /* Resources */ = {
			isa = PBXResourcesBuildPhase;
			buildActionMask = 2147483647;
			files = (
				0D05CFA918CB67C600DDF779 /* InfoPlist.strings in Resources */,
			);
			runOnlyForDeploymentPostprocessing = 0;
		};
/* End PBXResourcesBuildPhase section */

/* Begin PBXSourcesBuildPhase section */
		0D05CF7818CB67C400DDF779 /* Sources */ = {
			isa = PBXSourcesBuildPhase;
			buildActionMask = 2147483647;
			files = (
				0D05CF9618CB67C500DDF779 /* MapTableViewController.m in Sources */,
				0D05CFB618CB680400DDF779 /* MapTablePlace.m in Sources */,
				0D05CF9018CB67C500DDF779 /* MapTableAppDelegate.m in Sources */,
				0D05CFBB18CB992E00DDF779 /* MapTableMapViewController.m in Sources */,
				0D05CF8C18CB67C500DDF779 /* main.m in Sources */,
			);
			runOnlyForDeploymentPostprocessing = 0;
		};
		0D05CF9918CB67C600DDF779 /* Sources */ = {
			isa = PBXSourcesBuildPhase;
			buildActionMask = 2147483647;
			files = (
				0D05CFAB18CB67C600DDF779 /* MapTableTests.m in Sources */,
			);
			runOnlyForDeploymentPostprocessing = 0;
		};
/* End PBXSourcesBuildPhase section */

/* Begin PBXTargetDependency section */
		0D05CFA318CB67C600DDF779 /* PBXTargetDependency */ = {
			isa = PBXTargetDependency;
			target = 0D05CF7B18CB67C400DDF779 /* MapTable */;
			targetProxy = 0D05CFA218CB67C600DDF779 /* PBXContainerItemProxy */;
		};
/* End PBXTargetDependency section */

/* Begin PBXVariantGroup section */
		0D05CF8818CB67C500DDF779 /* InfoPlist.strings */ = {
			isa = PBXVariantGroup;
			children = (
				0D05CF8918CB67C500DDF779 /* en */,
			);
			name = InfoPlist.strings;
			sourceTree = "<group>";
		};
		0D05CF9118CB67C500DDF779 /* Main.storyboard */ = {
			isa = PBXVariantGroup;
			children = (
				0D05CF9218CB67C500DDF779 /* Base */,
			);
			name = Main.storyboard;
			sourceTree = "<group>";
		};
		0D05CFA718CB67C600DDF779 /* InfoPlist.strings */ = {
			isa = PBXVariantGroup;
			children = (
				0D05CFA818CB67C600DDF779 /* en */,
			);
			name = InfoPlist.strings;
			sourceTree = "<group>";
		};
/* End PBXVariantGroup section */

/* Begin XCBuildConfiguration section */
		0D05CFAC18CB67C600DDF779 /* Debug */ = {
			isa = XCBuildConfiguration;
			buildSettings = {
				ALWAYS_SEARCH_USER_PATHS = NO;
				ARCHS = "$(ARCHS_STANDARD_INCLUDING_64_BIT)";
				CLANG_CXX_LANGUAGE_STANDARD = "gnu++0x";
				CLANG_CXX_LIBRARY = "libc++";
				CLANG_ENABLE_MODULES = YES;
				CLANG_ENABLE_OBJC_ARC = YES;
				CLANG_WARN_BOOL_CONVERSION = YES;
				CLANG_WARN_CONSTANT_CONVERSION = YES;
				CLANG_WARN_DIRECT_OBJC_ISA_USAGE = YES_ERROR;
				CLANG_WARN_EMPTY_BODY = YES;
				CLANG_WARN_ENUM_CONVERSION = YES;
				CLANG_WARN_INT_CONVERSION = YES;
				CLANG_WARN_OBJC_ROOT_CLASS = YES_ERROR;
				CLANG_WARN__DUPLICATE_METHOD_MATCH = YES;
				"CODE_SIGN_IDENTITY[sdk=iphoneos*]" = "iPhone Developer";
				COPY_PHASE_STRIP = NO;
				GCC_C_LANGUAGE_STANDARD = gnu99;
				GCC_DYNAMIC_NO_PIC = NO;
				GCC_OPTIMIZATION_LEVEL = 0;
				GCC_PREPROCESSOR_DEFINITIONS = (
					"DEBUG=1",
					"$(inherited)",
				);
				GCC_SYMBOLS_PRIVATE_EXTERN = NO;
				GCC_WARN_64_TO_32_BIT_CONVERSION = YES;
				GCC_WARN_ABOUT_RETURN_TYPE = YES_ERROR;
				GCC_WARN_UNDECLARED_SELECTOR = YES;
				GCC_WARN_UNINITIALIZED_AUTOS = YES;
				GCC_WARN_UNUSED_FUNCTION = YES;
				GCC_WARN_UNUSED_VARIABLE = YES;
				IPHONEOS_DEPLOYMENT_TARGET = 7.0;
				ONLY_ACTIVE_ARCH = YES;
				SDKROOT = iphoneos;
			};
			name = Debug;
		};
		0D05CFAD18CB67C600DDF779 /* Release */ = {
			isa = XCBuildConfiguration;
			buildSettings = {
				ALWAYS_SEARCH_USER_PATHS = NO;
				ARCHS = "$(ARCHS_STANDARD_INCLUDING_64_BIT)";
				CLANG_CXX_LANGUAGE_STANDARD = "gnu++0x";
				CLANG_CXX_LIBRARY = "libc++";
				CLANG_ENABLE_MODULES = YES;
				CLANG_ENABLE_OBJC_ARC = YES;
				CLANG_WARN_BOOL_CONVERSION = YES;
				CLANG_WARN_CONSTANT_CONVERSION = YES;
				CLANG_WARN_DIRECT_OBJC_ISA_USAGE = YES_ERROR;
				CLANG_WARN_EMPTY_BODY = YES;
				CLANG_WARN_ENUM_CONVERSION = YES;
				CLANG_WARN_INT_CONVERSION = YES;
				CLANG_WARN_OBJC_ROOT_CLASS = YES_ERROR;
				CLANG_WARN__DUPLICATE_METHOD_MATCH = YES;
				"CODE_SIGN_IDENTITY[sdk=iphoneos*]" = "iPhone Developer";
				COPY_PHASE_STRIP = YES;
				ENABLE_NS_ASSERTIONS = NO;
				GCC_C_LANGUAGE_STANDARD = gnu99;
				GCC_WARN_64_TO_32_BIT_CONVERSION = YES;
				GCC_WARN_ABOUT_RETURN_TYPE = YES_ERROR;
				GCC_WARN_UNDECLARED_SELECTOR = YES;
				GCC_WARN_UNINITIALIZED_AUTOS = YES;
				GCC_WARN_UNUSED_FUNCTION = YES;
				GCC_WARN_UNUSED_VARIABLE = YES;
				IPHONEOS_DEPLOYMENT_TARGET = 7.0;
				SDKROOT = iphoneos;
				VALIDATE_PRODUCT = YES;
			};
			name = Release;
		};
		0D05CFAF18CB67C600DDF779 /* Debug */ = {
			isa = XCBuildConfiguration;
			buildSettings = {
				ASSETCATALOG_COMPILER_APPICON_NAME = AppIcon;
				ASSETCATALOG_COMPILER_LAUNCHIMAGE_NAME = LaunchImage;
				GCC_PRECOMPILE_PREFIX_HEADER = YES;
				GCC_PREFIX_HEADER = "MapTable/MapTable-Prefix.pch";
				INFOPLIST_FILE = "MapTable/MapTable-Info.plist";
				PRODUCT_NAME = "$(TARGET_NAME)";
				WRAPPER_EXTENSION = app;
			};
			name = Debug;
		};
		0D05CFB018CB67C600DDF779 /* Release */ = {
			isa = XCBuildConfiguration;
			buildSettings = {
				ASSETCATALOG_COMPILER_APPICON_NAME = AppIcon;
				ASSETCATALOG_COMPILER_LAUNCHIMAGE_NAME = LaunchImage;
				GCC_PRECOMPILE_PREFIX_HEADER = YES;
				GCC_PREFIX_HEADER = "MapTable/MapTable-Prefix.pch";
				INFOPLIST_FILE = "MapTable/MapTable-Info.plist";
				PRODUCT_NAME = "$(TARGET_NAME)";
				WRAPPER_EXTENSION = app;
			};
			name = Release;
		};
		0D05CFB218CB67C600DDF779 /* Debug */ = {
			isa = XCBuildConfiguration;
			buildSettings = {
				ARCHS = "$(ARCHS_STANDARD_INCLUDING_64_BIT)";
				BUNDLE_LOADER = "$(BUILT_PRODUCTS_DIR)/MapTable.app/MapTable";
				FRAMEWORK_SEARCH_PATHS = (
					"$(SDKROOT)/Developer/Library/Frameworks",
					"$(inherited)",
					"$(DEVELOPER_FRAMEWORKS_DIR)",
				);
				GCC_PRECOMPILE_PREFIX_HEADER = YES;
				GCC_PREFIX_HEADER = "MapTable/MapTable-Prefix.pch";
				GCC_PREPROCESSOR_DEFINITIONS = (
					"DEBUG=1",
					"$(inherited)",
				);
				INFOPLIST_FILE = "MapTableTests/MapTableTests-Info.plist";
				PRODUCT_NAME = "$(TARGET_NAME)";
				TEST_HOST = "$(BUNDLE_LOADER)";
				WRAPPER_EXTENSION = xctest;
			};
			name = Debug;
		};
		0D05CFB318CB67C600DDF779 /* Release */ = {
			isa = XCBuildConfiguration;
			buildSettings = {
				ARCHS = "$(ARCHS_STANDARD_INCLUDING_64_BIT)";
				BUNDLE_LOADER = "$(BUILT_PRODUCTS_DIR)/MapTable.app/MapTable";
				FRAMEWORK_SEARCH_PATHS = (
					"$(SDKROOT)/Developer/Library/Frameworks",
					"$(inherited)",
					"$(DEVELOPER_FRAMEWORKS_DIR)",
				);
				GCC_PRECOMPILE_PREFIX_HEADER = YES;
				GCC_PREFIX_HEADER = "MapTable/MapTable-Prefix.pch";
				INFOPLIST_FILE = "MapTableTests/MapTableTests-Info.plist";
				PRODUCT_NAME = "$(TARGET_NAME)";
				TEST_HOST = "$(BUNDLE_LOADER)";
				WRAPPER_EXTENSION = xctest;
			};
			name = Release;
		};
/* End XCBuildConfiguration section */

/* Begin XCConfigurationList section */
		0D05CF7718CB67C400DDF779 /* Build configuration list for PBXProject "MapTable" */ = {
			isa = XCConfigurationList;
			buildConfigurations = (
				0D05CFAC18CB67C600DDF779 /* Debug */,
				0D05CFAD18CB67C600DDF779 /* Release */,
			);
			defaultConfigurationIsVisible = 0;
			defaultConfigurationName = Release;
		};
		0D05CFAE18CB67C600DDF779 /* Build configuration list for PBXNativeTarget "MapTable" */ = {
			isa = XCConfigurationList;
			buildConfigurations = (
				0D05CFAF18CB67C600DDF779 /* Debug */,
				0D05CFB018CB67C600DDF779 /* Release */,
			);
			defaultConfigurationIsVisible = 0;
		};
		0D05CFB118CB67C600DDF779 /* Build configuration list for PBXNativeTarget "MapTableTests" */ = {
			isa = XCConfigurationList;
			buildConfigurations = (
				0D05CFB218CB67C600DDF779 /* Debug */,
				0D05CFB318CB67C600DDF779 /* Release */,
			);
			defaultConfigurationIsVisible = 0;
		};
/* End XCConfigurationList section */
	};
	rootObject = 0D05CF7418CB67C400DDF779 /* Project object */;
}
